
Microsoft Visual Studio Solution File, Format Version 12.00
# Visual Studio Version 16
VisualStudioVersion = 16.0.29306.81
MinimumVisualStudioVersion = 10.0.40219.1
Project("{FAE04EC0-301F-11D3-BF4B-00C04F79EFBC}") = "Maldives", "Maldives\Maldives.csproj", "{62304C6B-3649-4C76-9C9F-8913D4C8C23D}"
EndProject
Global
	GlobalSection(SolutionConfigurationPlatforms) = preSolution
		Debug|Any CPU = Debug|Any CPU
		Release|Any CPU = Release|Any CPU
	EndGlobalSection
	GlobalSection(ProjectConfigurationPlatforms) = postSolution
		{62304C6B-3649-4C76-9C9F-8913D4C8C23D}.Debug|Any CPU.ActiveCfg = Debug|Any CPU
		{62304C6B-3649-4C76-9C9F-8913D4C8C23D}.Debug|Any CPU.Build.0 = Debug|Any CPU
		{62304C6B-3649-4C76-9C9F-8913D4C8C23D}.Release|Any CPU.ActiveCfg = Release|Any CPU
		{62304C6B-3649-4C76-9C9F-8913D4C8C23D}.Release|Any CPU.Build.0 = Release|Any CPU
	EndGlobalSection
	GlobalSection(SolutionProperties) = preSolution
		HideSolutionNode = FALSE
	EndGlobalSection
	GlobalSection(ExtensibilityGlobals) = postSolution
		SolutionGuid = {3DD2A07D-2519-44AB-8A8C-11A6440AF634}
	EndGlobalSection
EndGlobal
